
Microsoft Visual Studio Solution File, Format Version 12.00
# Visual Studio Version 16
VisualStudioVersion = 16.0.32002.261
MinimumVisualStudioVersion = 10.0.40219.1
Project("{FAE04EC0-301F-11D3-BF4B-00C04F79EFBC}") = "saving_objectz", "saving_objectz\saving_objectz.csproj", "{B4DA7704-CD5D-46BD-96A5-E3C2C16215DF}"
EndProject
Global
	GlobalSection(SolutionConfigurationPlatforms) = preSolution
		Debug|Any CPU = Debug|Any CPU
		Release|Any CPU = Release|Any CPU
	EndGlobalSection
	GlobalSection(ProjectConfigurationPlatforms) = postSolution
		{B4DA7704-CD5D-46BD-96A5-E3C2C16215DF}.Debug|Any CPU.ActiveCfg = Debug|Any CPU
		{B4DA7704-CD5D-46BD-96A5-E3C2C16215DF}.Debug|Any CPU.Build.0 = Debug|Any CPU
		{B4DA7704-CD5D-46BD-96A5-E3C2C16215DF}.Release|Any CPU.ActiveCfg = Release|Any CPU
		{B4DA7704-CD5D-46BD-96A5-E3C2C16215DF}.Release|Any CPU.Build.0 = Release|Any CPU
	EndGlobalSection
	GlobalSection(SolutionProperties) = preSolution
		HideSolutionNode = FALSE
	EndGlobalSection
	GlobalSection(ExtensibilityGlobals) = postSolution
		SolutionGuid = {DAF8B62A-9023-4D25-A276-12C7B49CF644}
	EndGlobalSection
EndGlobal
